
Microsoft Visual Studio Solution File, Format Version 12.00
# Visual Studio Version 17
VisualStudioVersion = 17.4.33213.308
MinimumVisualStudioVersion = 10.0.40219.1
Project("{FAE04EC0-301F-11D3-BF4B-00C04F79EFBC}") = "Cleaning Management System", "Cleaning Management System\Cleaning Management System.csproj", "{8379E3C9-9D92-41C9-B066-DBEC59466B67}"
EndProject
Project("{FAE04EC0-301F-11D3-BF4B-00C04F79EFBC}") = "WebMasterAdmin", "WebMasterAdmin\WebMasterAdmin.csproj", "{DDEF5654-1682-4B37-BE0C-31C9B97BAD09}"
EndProject
Project("{FAE04EC0-301F-11D3-BF4B-00C04F79EFBC}") = "webmasterGTFmember", "webmasterGTFmember\webmasterGTFmember.csproj", "{78805EE1-1B97-44C8-A63B-52A4A4A87552}"
EndProject
Global
	GlobalSection(SolutionConfigurationPlatforms) = preSolution
		Debug|Any CPU = Debug|Any CPU
		Release|Any CPU = Release|Any CPU
	EndGlobalSection
	GlobalSection(ProjectConfigurationPlatforms) = postSolution
		{8379E3C9-9D92-41C9-B066-DBEC59466B67}.Debug|Any CPU.ActiveCfg = Debug|Any CPU
		{8379E3C9-9D92-41C9-B066-DBEC59466B67}.Debug|Any CPU.Build.0 = Debug|Any CPU
		{8379E3C9-9D92-41C9-B066-DBEC59466B67}.Release|Any CPU.ActiveCfg = Release|Any CPU
		{8379E3C9-9D92-41C9-B066-DBEC59466B67}.Release|Any CPU.Build.0 = Release|Any CPU
		{DDEF5654-1682-4B37-BE0C-31C9B97BAD09}.Debug|Any CPU.ActiveCfg = Debug|Any CPU
		{DDEF5654-1682-4B37-BE0C-31C9B97BAD09}.Debug|Any CPU.Build.0 = Debug|Any CPU
		{DDEF5654-1682-4B37-BE0C-31C9B97BAD09}.Release|Any CPU.ActiveCfg = Release|Any CPU
		{DDEF5654-1682-4B37-BE0C-31C9B97BAD09}.Release|Any CPU.Build.0 = Release|Any CPU
		{78805EE1-1B97-44C8-A63B-52A4A4A87552}.Debug|Any CPU.ActiveCfg = Debug|Any CPU
		{78805EE1-1B97-44C8-A63B-52A4A4A87552}.Debug|Any CPU.Build.0 = Debug|Any CPU
		{78805EE1-1B97-44C8-A63B-52A4A4A87552}.Release|Any CPU.ActiveCfg = Release|Any CPU
		{78805EE1-1B97-44C8-A63B-52A4A4A87552}.Release|Any CPU.Build.0 = Release|Any CPU
	EndGlobalSection
	GlobalSection(SolutionProperties) = preSolution
		HideSolutionNode = FALSE
	EndGlobalSection
	GlobalSection(ExtensibilityGlobals) = postSolution
		SolutionGuid = {FE2B2007-0D85-4645-8B30-64E6346CC158}
	EndGlobalSection
EndGlobal
